
Microsoft Visual Studio Solution File, Format Version 12.00
# Visual Studio Version 17
VisualStudioVersion = 17.0.31903.59
MinimumVisualStudioVersion = 10.0.40219.1
Project("{2150E333-8FDC-42A3-9474-1A3956D46DE8}") = "tests", "tests", "{1912951C-6949-475E-8CE1-1B151F6787C7}"
EndProject
Project("{FAE04EC0-301F-11D3-BF4B-00C04F79EFBC}") = "BalkanAir.SmokeTests", "tests\BalkanAir.SmokeTests\BalkanAir.SmokeTests.csproj", "{BC89CA42-174F-4D92-95E7-A919D28CB385}"
EndProject
Global
	GlobalSection(SolutionConfigurationPlatforms) = preSolution
		Debug|Any CPU = Debug|Any CPU
		Release|Any CPU = Release|Any CPU
	EndGlobalSection
	GlobalSection(SolutionProperties) = preSolution
		HideSolutionNode = FALSE
	EndGlobalSection
	GlobalSection(ProjectConfigurationPlatforms) = postSolution
		{BC89CA42-174F-4D92-95E7-A919D28CB385}.Debug|Any CPU.ActiveCfg = Debug|Any CPU
		{BC89CA42-174F-4D92-95E7-A919D28CB385}.Debug|Any CPU.Build.0 = Debug|Any CPU
		{BC89CA42-174F-4D92-95E7-A919D28CB385}.Release|Any CPU.ActiveCfg = Release|Any CPU
		{BC89CA42-174F-4D92-95E7-A919D28CB385}.Release|Any CPU.Build.0 = Release|Any CPU
	EndGlobalSection
	GlobalSection(NestedProjects) = preSolution
		{BC89CA42-174F-4D92-95E7-A919D28CB385} = {1912951C-6949-475E-8CE1-1B151F6787C7}
	EndGlobalSection
EndGlobal
