
Microsoft Visual Studio Solution File, Format Version 12.00
# Visual Studio Version 17
VisualStudioVersion = 17.0.31903.59
MinimumVisualStudioVersion = 10.0.40219.1
Project("{2150E333-8FDC-42A3-9474-1A3956D46DE8}") = "tests", "tests", "{1912951C-6949-475E-8CE1-1B151F6787C7}"
EndProject
Project("{FAE04EC0-301F-11D3-BF4B-00C04F79EFBC}") = "BalkanAir.SmokeTests", "tests\BalkanAir.SmokeTests\BalkanAir.SmokeTests.csproj", "{BC89CA42-174F-4D92-95E7-A919D28CB385}"
EndProject
Project("{2150E333-8FDC-42A3-9474-1A3956D46DE8}") = "src", "src", "{5007CE1A-4D36-4CDC-BE4E-BDB1F1AF6700}"
EndProject
Project("{FAE04EC0-301F-11D3-BF4B-00C04F79EFBC}") = "BalkanAir.Common", "src\BalkanAir.Common\BalkanAir.Common.csproj", "{DA3D41F9-CD58-4281-AAD6-0DAC45C244BD}"
EndProject
Project("{FAE04EC0-301F-11D3-BF4B-00C04F79EFBC}") = "BalkanAir.Domain", "src\BalkanAir.Domain\BalkanAir.Domain.csproj", "{BF772540-F4B9-47CF-B981-004681674084}"
EndProject
Project("{FAE04EC0-301F-11D3-BF4B-00C04F79EFBC}") = "BalkanAir.Data", "src\BalkanAir.Data\BalkanAir.Data.csproj", "{8DD7BDF2-3220-40B7-AC1F-E86BB4E225D3}"
EndProject
Project("{FAE04EC0-301F-11D3-BF4B-00C04F79EFBC}") = "BalkanAir.Services", "src\BalkanAir.Services\BalkanAir.Services.csproj", "{13C5A299-79B6-47A9-8ACF-096EF9EDC94A}"
EndProject
Project("{FAE04EC0-301F-11D3-BF4B-00C04F79EFBC}") = "BalkanAir.Services.Tests", "tests\BalkanAir.Services.Tests\BalkanAir.Services.Tests.csproj", "{AAE89941-E353-449D-BF3E-1325D7025C1C}"
EndProject
Global
	GlobalSection(SolutionConfigurationPlatforms) = preSolution
		Debug|Any CPU = Debug|Any CPU
		Release|Any CPU = Release|Any CPU
	EndGlobalSection
	GlobalSection(SolutionProperties) = preSolution
		HideSolutionNode = FALSE
	EndGlobalSection
	GlobalSection(ProjectConfigurationPlatforms) = postSolution
		{BC89CA42-174F-4D92-95E7-A919D28CB385}.Debug|Any CPU.ActiveCfg = Debug|Any CPU
		{BC89CA42-174F-4D92-95E7-A919D28CB385}.Debug|Any CPU.Build.0 = Debug|Any CPU
		{BC89CA42-174F-4D92-95E7-A919D28CB385}.Release|Any CPU.ActiveCfg = Release|Any CPU
		{BC89CA42-174F-4D92-95E7-A919D28CB385}.Release|Any CPU.Build.0 = Release|Any CPU
		{DA3D41F9-CD58-4281-AAD6-0DAC45C244BD}.Debug|Any CPU.ActiveCfg = Debug|Any CPU
		{DA3D41F9-CD58-4281-AAD6-0DAC45C244BD}.Debug|Any CPU.Build.0 = Debug|Any CPU
		{DA3D41F9-CD58-4281-AAD6-0DAC45C244BD}.Release|Any CPU.ActiveCfg = Release|Any CPU
		{DA3D41F9-CD58-4281-AAD6-0DAC45C244BD}.Release|Any CPU.Build.0 = Release|Any CPU
		{BF772540-F4B9-47CF-B981-004681674084}.Debug|Any CPU.ActiveCfg = Debug|Any CPU
		{BF772540-F4B9-47CF-B981-004681674084}.Debug|Any CPU.Build.0 = Debug|Any CPU
		{BF772540-F4B9-47CF-B981-004681674084}.Release|Any CPU.ActiveCfg = Release|Any CPU
		{BF772540-F4B9-47CF-B981-004681674084}.Release|Any CPU.Build.0 = Release|Any CPU
		{8DD7BDF2-3220-40B7-AC1F-E86BB4E225D3}.Debug|Any CPU.ActiveCfg = Debug|Any CPU
		{8DD7BDF2-3220-40B7-AC1F-E86BB4E225D3}.Debug|Any CPU.Build.0 = Debug|Any CPU
		{8DD7BDF2-3220-40B7-AC1F-E86BB4E225D3}.Release|Any CPU.ActiveCfg = Release|Any CPU
		{8DD7BDF2-3220-40B7-AC1F-E86BB4E225D3}.Release|Any CPU.Build.0 = Release|Any CPU
		{13C5A299-79B6-47A9-8ACF-096EF9EDC94A}.Debug|Any CPU.ActiveCfg = Debug|Any CPU
		{13C5A299-79B6-47A9-8ACF-096EF9EDC94A}.Debug|Any CPU.Build.0 = Debug|Any CPU
		{13C5A299-79B6-47A9-8ACF-096EF9EDC94A}.Release|Any CPU.ActiveCfg = Release|Any CPU
		{13C5A299-79B6-47A9-8ACF-096EF9EDC94A}.Release|Any CPU.Build.0 = Release|Any CPU
		{AAE89941-E353-449D-BF3E-1325D7025C1C}.Debug|Any CPU.ActiveCfg = Debug|Any CPU
		{AAE89941-E353-449D-BF3E-1325D7025C1C}.Debug|Any CPU.Build.0 = Debug|Any CPU
		{AAE89941-E353-449D-BF3E-1325D7025C1C}.Release|Any CPU.ActiveCfg = Release|Any CPU
		{AAE89941-E353-449D-BF3E-1325D7025C1C}.Release|Any CPU.Build.0 = Release|Any CPU
	EndGlobalSection
	GlobalSection(NestedProjects) = preSolution
		{BC89CA42-174F-4D92-95E7-A919D28CB385} = {1912951C-6949-475E-8CE1-1B151F6787C7}
		{DA3D41F9-CD58-4281-AAD6-0DAC45C244BD} = {5007CE1A-4D36-4CDC-BE4E-BDB1F1AF6700}
		{BF772540-F4B9-47CF-B981-004681674084} = {5007CE1A-4D36-4CDC-BE4E-BDB1F1AF6700}
		{8DD7BDF2-3220-40B7-AC1F-E86BB4E225D3} = {5007CE1A-4D36-4CDC-BE4E-BDB1F1AF6700}
		{13C5A299-79B6-47A9-8ACF-096EF9EDC94A} = {5007CE1A-4D36-4CDC-BE4E-BDB1F1AF6700}
		{AAE89941-E353-449D-BF3E-1325D7025C1C} = {1912951C-6949-475E-8CE1-1B151F6787C7}
	EndGlobalSection
EndGlobal
